
Microsoft Visual Studio Solution File, Format Version 12.00
# Visual Studio 14
VisualStudioVersion = 14.0.25420.1
MinimumVisualStudioVersion = 10.0.40219.1
Project("{FAE04EC0-301F-11D3-BF4B-00C04F79EFBC}") = "Ostoslista", "Ostoslista\Ostoslista.csproj", "{837F19E6-FD4C-46D3-93CA-4A0F20C4A7F5}"
EndProject
Project("{FAE04EC0-301F-11D3-BF4B-00C04F79EFBC}") = "Ostoslista.Tests", "Ostoslista.Tests\Ostoslista.Tests.csproj", "{B82C9D61-0A59-4F7E-87DD-329240E667F1}"
EndProject
Global
	GlobalSection(SolutionConfigurationPlatforms) = preSolution
		Debug|Any CPU = Debug|Any CPU
		Release|Any CPU = Release|Any CPU
	EndGlobalSection
	GlobalSection(ProjectConfigurationPlatforms) = postSolution
		{837F19E6-FD4C-46D3-93CA-4A0F20C4A7F5}.Debug|Any CPU.ActiveCfg = Debug|Any CPU
		{837F19E6-FD4C-46D3-93CA-4A0F20C4A7F5}.Debug|Any CPU.Build.0 = Debug|Any CPU
		{837F19E6-FD4C-46D3-93CA-4A0F20C4A7F5}.Release|Any CPU.ActiveCfg = Release|Any CPU
		{837F19E6-FD4C-46D3-93CA-4A0F20C4A7F5}.Release|Any CPU.Build.0 = Release|Any CPU
		{B82C9D61-0A59-4F7E-87DD-329240E667F1}.Debug|Any CPU.ActiveCfg = Debug|Any CPU
		{B82C9D61-0A59-4F7E-87DD-329240E667F1}.Debug|Any CPU.Build.0 = Debug|Any CPU
		{B82C9D61-0A59-4F7E-87DD-329240E667F1}.Release|Any CPU.ActiveCfg = Release|Any CPU
		{B82C9D61-0A59-4F7E-87DD-329240E667F1}.Release|Any CPU.Build.0 = Release|Any CPU
	EndGlobalSection
	GlobalSection(SolutionProperties) = preSolution
		HideSolutionNode = FALSE
	EndGlobalSection
EndGlobal
